{
  "lockfileVersion": 1,
  "configVersion": 1,
  "workspaces": {
    "": {
      "name": "onrm",
      "dependencies": {
        "@0x-jerry/utils": "^6.4.2",
        "@inquirer/prompts": "^8.5.2",
        "@speed-highlight/core": "^1.2.17",
        "minimist": "^1.2.8",
        "picocolors": "^1.1.1",
        "smol-toml": "^1.6.1",
        "which": "^7.0.0",
      },
      "devDependencies": {
        "@0x-jerry/x-release": "^3.0.5",
        "@types/bun": "latest",
        "@types/minimist": "^1.2.5",
        "@types/which": "^3.0.4",
        "tsdown": "^0.22.2",
        "typescript": "^6.0.3",
      },
    },
  },
  "packages": {
    "@0x-jerry/load-pkg": ["@0x-jerry/load-pkg@0.1.5", "https://registry.npmmirror.com/@0x-jerry/load-pkg/-/load-pkg-0.1.5.tgz", {}, "sha512-OsG9WZfCDzLaIC5t7HNHAYdpvZEf5efs/+fLEXsbOQr3IdZyMuWA27utAOsrNwTfl1BCgr6+r048ZyMd9YE72Q=="],

    "@0x-jerry/utils": ["@0x-jerry/utils@6.4.2", "https://registry.npmmirror.com/@0x-jerry/utils/-/utils-6.4.2.tgz", { "dependencies": { "fflate": "^0.8.2", "nanoid": "^5.1.7", "picocolors": "^1.1.1" } }, "sha512-5dGHv8ZWzYgSLSch7hraNg6DbjYke92OW+b5ytY8wYdMX05Q4RLVCzud+ref/KQxPEHJVYWz3+7ZjwwGINhU+A=="],

    "@0x-jerry/x-release": ["@0x-jerry/x-release@3.0.5", "https://registry.npmmirror.com/@0x-jerry/x-release/-/x-release-3.0.5.tgz", { "dependencies": { "@0x-jerry/load-pkg": "^0.1.5", "@0x-jerry/utils": "^6.4.2", "cac": "^7.0.0", "debug": "^4.4.3", "picocolors": "^1.1.1", "prompts": "^2.4.2", "semver": "^7.7.4", "unconfig": "^7.5.0" }, "bin": { "x-release": "dist/cli.mjs" } }, "sha512-vYkx7lPgsOsNsYf6idYS4wkhQcASTJcPtpdWNLqScQzM0dj6cw5udOvuwXOhMBAYhlZezsgpskEMaylbY1E92w=="],

    "@babel/generator": ["@babel/generator@8.0.0-rc.6", "https://registry.npmmirror.com/@babel/generator/-/generator-8.0.0-rc.6.tgz", { "dependencies": { "@babel/parser": "^8.0.0-rc.6", "@babel/types": "^8.0.0-rc.6", "@jridgewell/gen-mapping": "^0.3.12", "@jridgewell/trace-mapping": "^0.3.28", "@types/jsesc": "^2.5.0", "jsesc": "^3.0.2" } }, "sha512-6mIzgVK8DgEzvIapoQwhXTMnnkuE4STQmVv9H03i/tZ2ml8oev3TRvZJgTenK2Bsq0YWNtzOrFdTyNzCMFtjJQ=="],

    "@babel/helper-string-parser": ["@babel/helper-string-parser@8.0.0-rc.6", "https://registry.npmmirror.com/@babel/helper-string-parser/-/helper-string-parser-8.0.0-rc.6.tgz", {}, "sha512-BCkFy+zN6kXQed3YOT7aJl93NfDSzQc3pBfsvTVPs9gU9X3V0aefEF5kwBT0E+mDWH9QgKaZstYUQN9VdQZT4g=="],

    "@babel/helper-validator-identifier": ["@babel/helper-validator-identifier@8.0.0-rc.6", "https://registry.npmmirror.com/@babel/helper-validator-identifier/-/helper-validator-identifier-8.0.0-rc.6.tgz", {}, "sha512-nVJ+1JcCgntv8d78rRo++o2wuODT0Irknx2BF8Np4Ft2CRgjLqIs4qzSZ8b66yGbBdMWGmZBO9WEZv1hhNiSpg=="],

    "@babel/parser": ["@babel/parser@8.0.0-rc.6", "https://registry.npmmirror.com/@babel/parser/-/parser-8.0.0-rc.6.tgz", { "dependencies": { "@babel/types": "^8.0.0-rc.6" }, "bin": "./bin/babel-parser.js" }, "sha512-rOS8IpdO7mQELkTPlCsTgPejO0bFuZdEDCGQJouYbYf9e1FLTym7Fei2pEjq8q7MWbX0ravcd7QQYKs1TxOuog=="],

    "@babel/types": ["@babel/types@8.0.0-rc.6", "https://registry.npmmirror.com/@babel/types/-/types-8.0.0-rc.6.tgz", { "dependencies": { "@babel/helper-string-parser": "^8.0.0-rc.6", "@babel/helper-validator-identifier": "^8.0.0-rc.6" } }, "sha512-p7/ABylAYlexb31wtRdIfH9L9A0Z2T/9H6zAqzqndkY2PLkvNNc580wGhp/gGKN4Sp9sQvSkhc6Oga8/O+wTyw=="],

    "@emnapi/core": ["@emnapi/core@1.11.0", "https://registry.npmmirror.com/@emnapi/core/-/core-1.11.0.tgz", { "dependencies": { "@emnapi/wasi-threads": "1.2.2", "tslib": "^2.4.0" } }, "sha512-l9Oo58x0HOP5znGzVhYW9U3e5wVuA4LAZU2AGezTmkhO1CgQRFDhDg4nneHsu/t3WniXg9QrG2nIXL/ZS8ln8Q=="],

    "@emnapi/runtime": ["@emnapi/runtime@1.11.0", "https://registry.npmmirror.com/@emnapi/runtime/-/runtime-1.11.0.tgz", { "dependencies": { "tslib": "^2.4.0" } }, "sha512-55coeOFKHv1ywEcUXJtWU5f+Jr/W5tZDvZig8DLKSwUN1JpROQ4rk/SNOQiFWmaR/VKF4zuFyW1B8JduOSv6Pg=="],

    "@emnapi/wasi-threads": ["@emnapi/wasi-threads@1.2.2", "https://registry.npmmirror.com/@emnapi/wasi-threads/-/wasi-threads-1.2.2.tgz", { "dependencies": { "tslib": "^2.4.0" } }, "sha512-c95qOXkHdydNKhscBTebqEC1CVAZpyqOfVfBzQ1qgzyl3gfeldUjIggDbIZgDKsHLgnsM+igH7TJ/eAasaVuMA=="],

    "@esbuild/aix-ppc64": ["@esbuild/aix-ppc64@0.28.1", "https://registry.npmmirror.com/@esbuild/aix-ppc64/-/aix-ppc64-0.28.1.tgz", { "os": "aix", "cpu": "ppc64" }, "sha512-Svl7tq8k/08+p6CXPpRjQ1fKX+1odH/BQbb48fV6fj3CWHhsoIOoY87w1oHXm0qEpkIK3ZfVgp0hed3XBXzXMQ=="],

    "@esbuild/android-arm": ["@esbuild/android-arm@0.28.1", "https://registry.npmmirror.com/@esbuild/android-arm/-/android-arm-0.28.1.tgz", { "os": "android", "cpu": "arm" }, "sha512-0k2F129Xdio1TdJfzJ8sy1Q47vUD2NnwdhiAf7drUN1EBTfPf4hsFCtmMgu/6m8JSzsBrlmVjudMBQqOfG8usQ=="],

    "@esbuild/android-arm64": ["@esbuild/android-arm64@0.28.1", "https://registry.npmmirror.com/@esbuild/android-arm64/-/android-arm64-0.28.1.tgz", { "os": "android", "cpu": "arm64" }, "sha512-34EGEbCIAgosYz6goLcopX6Mo7NyGv9tfwEM2/7Ce2VcVRk568iSvniGWcUXIy7wEDR1wzolcxcriFVrWYcwBg=="],

    "@esbuild/android-x64": ["@esbuild/android-x64@0.28.1", "https://registry.npmmirror.com/@esbuild/android-x64/-/android-x64-0.28.1.tgz", { "os": "android", "cpu": "x64" }, "sha512-dbwY7ltSMDWsRatcRpCnES4F+im88OCUgGZjy52shC7GqHRE/cYlxNbB4Z4UpJswpcc4Qxd2oE/ufM0p61IKng=="],

    "@esbuild/darwin-arm64": ["@esbuild/darwin-arm64@0.28.1", "https://registry.npmmirror.com/@esbuild/darwin-arm64/-/darwin-arm64-0.28.1.tgz", { "os": "darwin", "cpu": "arm64" }, "sha512-TZbWkQY7kvTAXbXUT7uVACR5cMHsDiSz9z7ZKAX/RTq/WJEk3QyRr0wZpNhBDX+/0CtdqUIJlOiodQcta6tY3Q=="],

    "@esbuild/darwin-x64": ["@esbuild/darwin-x64@0.28.1", "https://registry.npmmirror.com/@esbuild/darwin-x64/-/darwin-x64-0.28.1.tgz", { "os": "darwin", "cpu": "x64" }, "sha512-zfdzgK9ACBNZLI/CyHTOx81SyNbM6YXn7rxSgX97VjyiPl9W1i4Ka4fgKECEoFCKGpvBj5qArWIGgQjOwkgskQ=="],

    "@esbuild/freebsd-arm64": ["@esbuild/freebsd-arm64@0.28.1", "https://registry.npmmirror.com/@esbuild/freebsd-arm64/-/freebsd-arm64-0.28.1.tgz", { "os": "freebsd", "cpu": "arm64" }, "sha512-wG2EA8ENdEI0qhkSZMjfqrdY+ziCYCPMmtZjjIwOmXFjmyzEHn+UUxk5of+SYsjtfs3VpnlC7QLzSI5hY/rOAw=="],

    "@esbuild/freebsd-x64": ["@esbuild/freebsd-x64@0.28.1", "https://registry.npmmirror.com/@esbuild/freebsd-x64/-/freebsd-x64-0.28.1.tgz", { "os": "freebsd", "cpu": "x64" }, "sha512-i7dZ9vQgnvSCzi/rYCXNgtF/U+eKZNJBzu3eTQbRgHnM7tNSizLOkRFAl3qzVc/Op/u5YkHHa4pf/3DOYHthLQ=="],

    "@esbuild/linux-arm": ["@esbuild/linux-arm@0.28.1", "https://registry.npmmirror.com/@esbuild/linux-arm/-/linux-arm-0.28.1.tgz", { "os": "linux", "cpu": "arm" }, "sha512-qVXBOHQS+d5Y722GwJzJUtOLlX7km3CraOaGormF1pDtPd2C/l1SHRPgjLunLGe51Sh5YYWKMFDyV4SxgMQYTQ=="],

    "@esbuild/linux-arm64": ["@esbuild/linux-arm64@0.28.1", "https://registry.npmmirror.com/@esbuild/linux-arm64/-/linux-arm64-0.28.1.tgz", { "os": "linux", "cpu": "arm64" }, "sha512-yHs+0uc8+nvEAfAfxrWQKK5peSNzBc4PegcMO0EJ2hT71uA7vB8Ihg2e77R2P7SG5uYjPbHlLLmve4LLLRCf0g=="],

    "@esbuild/linux-ia32": ["@esbuild/linux-ia32@0.28.1", "https://registry.npmmirror.com/@esbuild/linux-ia32/-/linux-ia32-0.28.1.tgz", { "os": "linux", "cpu": "ia32" }, "sha512-d1z4ZuP0ajrfz/FhGT4vv278rX8KnPPJx8i5+AtK7TYbx9Le9F1hyzurZpkEyjkGa9dUGhQow4C1NmeGvqxN2w=="],

    "@esbuild/linux-loong64": ["@esbuild/linux-loong64@0.28.1", "https://registry.npmmirror.com/@esbuild/linux-loong64/-/linux-loong64-0.28.1.tgz", { "os": "linux", "cpu": "none" }, "sha512-M5sRjUVZrkm1OAPR3dlOYzNmN+loZKGVi1VUQGrwuqLcbR6qeAz+famMhjASeH3YVKvZz+zT1jlh/keC3Rj/lg=="],

    "@esbuild/linux-mips64el": ["@esbuild/linux-mips64el@0.28.1", "https://registry.npmmirror.com/@esbuild/linux-mips64el/-/linux-mips64el-0.28.1.tgz", { "os": "linux", "cpu": "none" }, "sha512-mRObBZeHh2OxcBFPWE/FjylkRgZdYuiTR3vaTozquCGOH14iP9oN4x4Ge81CoIDYQrXmIxpFumJBu5MtZpnQJQ=="],

    "@esbuild/linux-ppc64": ["@esbuild/linux-ppc64@0.28.1", "https://registry.npmmirror.com/@esbuild/linux-ppc64/-/linux-ppc64-0.28.1.tgz", { "os": "linux", "cpu": "ppc64" }, "sha512-slScBsMAb3GFDcdrCgLwZtPYRoH2H/youv10QiZyRjmsP48fznoveWytSgCI/R0ZcUgpc0ZhIUEx6LHts8yrfQ=="],

    "@esbuild/linux-riscv64": ["@esbuild/linux-riscv64@0.28.1", "https://registry.npmmirror.com/@esbuild/linux-riscv64/-/linux-riscv64-0.28.1.tgz", { "os": "linux", "cpu": "none" }, "sha512-kw0owk1o0GFETUJyW0jc0G4Yzs0BHZn0JDZ8JRT088vjJYX777BAs1fDGxAC+q831qOs2DTC96mNsG2opdfyyQ=="],

    "@esbuild/linux-s390x": ["@esbuild/linux-s390x@0.28.1", "https://registry.npmmirror.com/@esbuild/linux-s390x/-/linux-s390x-0.28.1.tgz", { "os": "linux", "cpu": "s390x" }, "sha512-/lAIjX8aYFRByhh6L5rYtPEDRqa9de/4V/juOXcta5frjvzXO4/sqEtyytse0g3zZFuWu5cDN0MkLz2qRDD2Ag=="],

    "@esbuild/linux-x64": ["@esbuild/linux-x64@0.28.1", "https://registry.npmmirror.com/@esbuild/linux-x64/-/linux-x64-0.28.1.tgz", { "os": "linux", "cpu": "x64" }, "sha512-u/anNYF2mmVOEDwLtnQ1wOr3EZ9sTNGLWrsYGYwHWzGA3Si84IOkHXlbWTD1NB+9/1lcnweYKO54uhxZydNzfA=="],

    "@esbuild/netbsd-arm64": ["@esbuild/netbsd-arm64@0.28.1", "https://registry.npmmirror.com/@esbuild/netbsd-arm64/-/netbsd-arm64-0.28.1.tgz", { "os": "none", "cpu": "arm64" }, "sha512-oks0DYbLwWMmaakTsCb+zL4E+aHRVLom9IJZOAthMQEPiQmydXHkziYEsGYRx0uNV/IjEKGAV941JzH02pflqw=="],

    "@esbuild/netbsd-x64": ["@esbuild/netbsd-x64@0.28.1", "https://registry.npmmirror.com/@esbuild/netbsd-x64/-/netbsd-x64-0.28.1.tgz", { "os": "none", "cpu": "x64" }, "sha512-aeL6lAnN89Hz43Mlh1G8ARasbuoYvSITDEx0tHh5b7jJnHcssqgjy9Yx430GDpmCa6OyrKoS0aNRjKundRizGg=="],

    "@esbuild/openbsd-arm64": ["@esbuild/openbsd-arm64@0.28.1", "https://registry.npmmirror.com/@esbuild/openbsd-arm64/-/openbsd-arm64-0.28.1.tgz", { "os": "openbsd", "cpu": "arm64" }, "sha512-MEFJe5C3R8pwXdZ5Y21oo6m7ePiS0d9pWucn99O/wvyJZChoIQKrQDxKrGeW8F5+T0okTHesAmDeiHDTIq0V/Q=="],

    "@esbuild/openbsd-x64": ["@esbuild/openbsd-x64@0.28.1", "https://registry.npmmirror.com/@esbuild/openbsd-x64/-/openbsd-x64-0.28.1.tgz", { "os": "openbsd", "cpu": "x64" }, "sha512-i/ZLIOafE0Z8cI/XANJAixoJL/uRAoS2xOA3rb0xN+KK0K177cMAsQYkzHtBrtMXAKuAc7HGgcWiZ/sRC1Nxgw=="],

    "@esbuild/openharmony-arm64": ["@esbuild/openharmony-arm64@0.28.1", "https://registry.npmmirror.com/@esbuild/openharmony-arm64/-/openharmony-arm64-0.28.1.tgz", { "os": "none", "cpu": "arm64" }, "sha512-ge+Z7EXFNt2BO1oAMsVpiQ8EwndV9i1xXerAeTIK7AtPs3bKFXQM7nlRxDSIUIMeueR1CNXxqztLzdNeReKBJg=="],

    "@esbuild/sunos-x64": ["@esbuild/sunos-x64@0.28.1", "https://registry.npmmirror.com/@esbuild/sunos-x64/-/sunos-x64-0.28.1.tgz", { "os": "sunos", "cpu": "x64" }, "sha512-BEjgtECkL3vY+SaSQ6nzVfiALUeFxpawyp8Jmf5PtYhf1Ug40N1h/hxlhts+f1FvSvarEigdxS3BlSMI2PJLcQ=="],

    "@esbuild/win32-arm64": ["@esbuild/win32-arm64@0.28.1", "https://registry.npmmirror.com/@esbuild/win32-arm64/-/win32-arm64-0.28.1.tgz", { "os": "win32", "cpu": "arm64" }, "sha512-lCv9eK/H6ZJWbE7bh2nw54CZ9M2nupBxJcTsdk/QQnWkdSjKGuxmmH8/GWrlT1eMmZfn4dGcCjRte397WqfQXA=="],

    "@esbuild/win32-ia32": ["@esbuild/win32-ia32@0.28.1", "https://registry.npmmirror.com/@esbuild/win32-ia32/-/win32-ia32-0.28.1.tgz", { "os": "win32", "cpu": "ia32" }, "sha512-zvb/mB2bSCoJOpoCBgYKKpX6YM6mJBlBUVUtVj41DlZJVEB6/0CKlRYxP5wWl1C1ILiCoAU5wZZ4q1P3qeS6Eg=="],

    "@esbuild/win32-x64": ["@esbuild/win32-x64@0.28.1", "https://registry.npmmirror.com/@esbuild/win32-x64/-/win32-x64-0.28.1.tgz", { "os": "win32", "cpu": "x64" }, "sha512-bm4Mowrv+GXMlpWX++EcXw/iLyd1o3+bJkC2DkWXYVvgZCqD/bSj9ctZeAMC3cIxgjRVR2Dufaiu4YPxr5gW1A=="],

    "@inquirer/ansi": ["@inquirer/ansi@2.0.7", "https://registry.npmmirror.com/@inquirer/ansi/-/ansi-2.0.7.tgz", {}, "sha512-3eTuUO1vH2cZm2ZKHeQxnOqlTi9EfZDGgIe3BL3I4u+rJHocr9Fz86M4fjYABPvFnQG/gGK551HqDiIcETwU6Q=="],

    "@inquirer/checkbox": ["@inquirer/checkbox@5.2.1", "https://registry.npmmirror.com/@inquirer/checkbox/-/checkbox-5.2.1.tgz", { "dependencies": { "@inquirer/ansi": "^2.0.7", "@inquirer/core": "^11.2.1", "@inquirer/figures": "^2.0.7", "@inquirer/type": "^4.0.7" }, "peerDependencies": { "@types/node": ">=18" }, "optionalPeers": ["@types/node"] }, "sha512-b6xmA/VlTe0ZgDQHDui+Nav470u7u49nRd8/iuhOcQPO9Ch7lGuogydhi2VOmNlZ+zXcM8IcPuNSwQcdJaF/kw=="],

    "@inquirer/confirm": ["@inquirer/confirm@6.1.1", "https://registry.npmmirror.com/@inquirer/confirm/-/confirm-6.1.1.tgz", { "dependencies": { "@inquirer/core": "^11.2.1", "@inquirer/type": "^4.0.7" }, "peerDependencies": { "@types/node": ">=18" }, "optionalPeers": ["@types/node"] }, "sha512-eb8DBZcz/2qHWQda4rk2JiQk5h9QV/cVHi1yjt0f69WFZMRFn0sJTye3EAP8icut8UDMjQPsaH5KbcOogefrFQ=="],

    "@inquirer/core": ["@inquirer/core@11.2.1", "https://registry.npmmirror.com/@inquirer/core/-/core-11.2.1.tgz", { "dependencies": { "@inquirer/ansi": "^2.0.7", "@inquirer/figures": "^2.0.7", "@inquirer/type": "^4.0.7", "cli-width": "^4.1.0", "fast-wrap-ansi": "^0.2.0", "mute-stream": "^3.0.0", "signal-exit": "^4.1.0" }, "peerDependencies": { "@types/node": ">=18" }, "optionalPeers": ["@types/node"] }, "sha512-Qd6GJT1yVyrZZCfN8W2qKF5ApmqryXRhRKCuip8h01x2w/esJQ2XIYc6f9abMIHgKQdBfFTSOdbHRLAhuM09UA=="],

    "@inquirer/editor": ["@inquirer/editor@5.2.2", "https://registry.npmmirror.com/@inquirer/editor/-/editor-5.2.2.tgz", { "dependencies": { "@inquirer/core": "^11.2.1", "@inquirer/external-editor": "^3.0.3", "@inquirer/type": "^4.0.7" }, "peerDependencies": { "@types/node": ">=18" }, "optionalPeers": ["@types/node"] }, "sha512-ZRVd/oD+sYsUd5zVm0NflqEzlqfYCyHNsqkHl2oWXEUHs12tCbcSFi+wVFEvD8+LGRaMUsVrE7qeo6lSG/S1Vg=="],

    "@inquirer/expand": ["@inquirer/expand@5.1.1", "https://registry.npmmirror.com/@inquirer/expand/-/expand-5.1.1.tgz", { "dependencies": { "@inquirer/core": "^11.2.1", "@inquirer/type": "^4.0.7" }, "peerDependencies": { "@types/node": ">=18" }, "optionalPeers": ["@types/node"] }, "sha512-YmQpenjbFSHAK3sOd44puHh3V1KXXr+JiNpUztoSQ4drLh2rTVzTap/YtlAVu/5xavifIlBfNEzJ/neZJ1a/1g=="],

    "@inquirer/external-editor": ["@inquirer/external-editor@3.0.3", "https://registry.npmmirror.com/@inquirer/external-editor/-/external-editor-3.0.3.tgz", { "dependencies": { "chardet": "^2.1.1", "iconv-lite": "^0.7.2" }, "peerDependencies": { "@types/node": ">=18" }, "optionalPeers": ["@types/node"] }, "sha512-6thf5I8q7lZwzGLAxPaaGEREEkZ3nyePPDQ1oyobblxmEE8mqTLguScP7pDjUTAibiyb4hfXl+qjUEJ+di/aNA=="],

    "@inquirer/figures": ["@inquirer/figures@2.0.7", "https://registry.npmmirror.com/@inquirer/figures/-/figures-2.0.7.tgz", {}, "sha512-aJ8TBPOGB6f/2qziPfElISTCEd5XOYTFckA2SGjhNmiKzfK/u4ot3v0DUzGVdUnKjN10EqnnEPck36BkyfLnJw=="],

    "@inquirer/input": ["@inquirer/input@5.1.2", "https://registry.npmmirror.com/@inquirer/input/-/input-5.1.2.tgz", { "dependencies": { "@inquirer/core": "^11.2.1", "@inquirer/type": "^4.0.7" }, "peerDependencies": { "@types/node": ">=18" }, "optionalPeers": ["@types/node"] }, "sha512-9K/DDBSQpOyZSkt6sOVP9Vo0TR7atX2kuILsUu0x3wVcVbe97lJwIJKMLdMw25tDYuXl/qp6erT0Xs1rfmcfZg=="],

    "@inquirer/number": ["@inquirer/number@4.1.1", "https://registry.npmmirror.com/@inquirer/number/-/number-4.1.1.tgz", { "dependencies": { "@inquirer/core": "^11.2.1", "@inquirer/type": "^4.0.7" }, "peerDependencies": { "@types/node": ">=18" }, "optionalPeers": ["@types/node"] }, "sha512-XF4IXAbPnGPgw0wsbC/i2tPcyfdZgDpUlhsqU0SfT4IRIGWha6Xm9VRgN5yYxJq+jnyXlfXI/nQ3ulfk0iEICA=="],

    "@inquirer/password": ["@inquirer/password@5.1.1", "https://registry.npmmirror.com/@inquirer/password/-/password-5.1.1.tgz", { "dependencies": { "@inquirer/ansi": "^2.0.7", "@inquirer/core": "^11.2.1", "@inquirer/type": "^4.0.7" }, "peerDependencies": { "@types/node": ">=18" }, "optionalPeers": ["@types/node"] }, "sha512-3XBfF7DAsp5qeDsvN5Rd1HmbNokVvEQoUM0QLrRcybC9nX96w3Pbmu7qUsb3IT3J3jBvs2+mTXaKHOUsgHMLzg=="],

    "@inquirer/prompts": ["@inquirer/prompts@8.5.2", "https://registry.npmmirror.com/@inquirer/prompts/-/prompts-8.5.2.tgz", { "dependencies": { "@inquirer/checkbox": "^5.2.1", "@inquirer/confirm": "^6.1.1", "@inquirer/editor": "^5.2.2", "@inquirer/expand": "^5.1.1", "@inquirer/input": "^5.1.2", "@inquirer/number": "^4.1.1", "@inquirer/password": "^5.1.1", "@inquirer/rawlist": "^5.3.1", "@inquirer/search": "^4.2.1", "@inquirer/select": "^5.2.1" }, "peerDependencies": { "@types/node": ">=18" }, "optionalPeers": ["@types/node"] }, "sha512-IYR/3C/paEVVQYQvdDlFZVjRCJVYHHON0XXMH91KO9GSxs0TdKYWlUdvfQl2EfAHDxUaN3IBffkE/BDTh5nJ6g=="],

    "@inquirer/rawlist": ["@inquirer/rawlist@5.3.1", "https://registry.npmmirror.com/@inquirer/rawlist/-/rawlist-5.3.1.tgz", { "dependencies": { "@inquirer/core": "^11.2.1", "@inquirer/type": "^4.0.7" }, "peerDependencies": { "@types/node": ">=18" }, "optionalPeers": ["@types/node"] }, "sha512-QqdTqQddL3qPX/PPrjobpsO25NZ4dWXgTLenrR445L2ptLEYE6Z+PD5c5CNDJNx4ugRgELAIpSIJxZaO2jJ2Og=="],

    "@inquirer/search": ["@inquirer/search@4.2.1", "https://registry.npmmirror.com/@inquirer/search/-/search-4.2.1.tgz", { "dependencies": { "@inquirer/core": "^11.2.1", "@inquirer/figures": "^2.0.7", "@inquirer/type": "^4.0.7" }, "peerDependencies": { "@types/node": ">=18" }, "optionalPeers": ["@types/node"] }, "sha512-xJj8QWKRSrfKoBIITLZK61dD3zwo0Rz11fgDImku30/Oe81zMdIdGgrLY2h6RkJ+KZ/GhNYIRMKnH/62qBTA5g=="],

    "@inquirer/select": ["@inquirer/select@5.2.1", "https://registry.npmmirror.com/@inquirer/select/-/select-5.2.1.tgz", { "dependencies": { "@inquirer/ansi": "^2.0.7", "@inquirer/core": "^11.2.1", "@inquirer/figures": "^2.0.7", "@inquirer/type": "^4.0.7" }, "peerDependencies": { "@types/node": ">=18" }, "optionalPeers": ["@types/node"] }, "sha512-FlDndEUww8m7BfukO2nJa25vhD+H5jxxCv4oGioKqzyWz3nPHhhw4LKdYRSlXuAx7DsdWia7iyaBPKKS95Evfw=="],

    "@inquirer/type": ["@inquirer/type@4.0.7", "https://registry.npmmirror.com/@inquirer/type/-/type-4.0.7.tgz", { "peerDependencies": { "@types/node": ">=18" }, "optionalPeers": ["@types/node"] }, "sha512-t28inv14nMQ1PhKpsJPY+kEs/c00qzeCOS2gTNRyTjG5d6qsVA2fItxW4hkvGZ5lvanGLdtCzVIx5dwdRpN1+g=="],

    "@jridgewell/gen-mapping": ["@jridgewell/gen-mapping@0.3.13", "https://registry.npmmirror.com/@jridgewell/gen-mapping/-/gen-mapping-0.3.13.tgz", { "dependencies": { "@jridgewell/sourcemap-codec": "1.5.5", "@jridgewell/trace-mapping": "0.3.30" } }, "sha512-2kkt/7niJ6MgEPxF0bYdQ6etZaA+fQvDcLKckhy1yIQOzaoKjBBjSj63/aLVjYE3qhRt5dvM+uUyfCg6UKCBbA=="],

    "@jridgewell/resolve-uri": ["@jridgewell/resolve-uri@3.1.2", "https://registry.npmmirror.com/@jridgewell/resolve-uri/-/resolve-uri-3.1.2.tgz", {}, "sha512-bRISgCIjP20/tbWSPWMEi54QVPRZExkuD9lJL+UIxUKtwVJA8wW1Trb1jMs1RFXo1CBTNZ/5hpC9QvmKWdopKw=="],

    "@jridgewell/sourcemap-codec": ["@jridgewell/sourcemap-codec@1.5.5", "https://registry.npmmirror.com/@jridgewell/sourcemap-codec/-/sourcemap-codec-1.5.5.tgz", {}, "sha512-cYQ9310grqxueWbl+WuIUIaiUaDcj7WOq5fVhEljNVgRfOUhY9fy2zTvfoqWsnebh8Sl70VScFbICvJnLKB0Og=="],

    "@jridgewell/trace-mapping": ["@jridgewell/trace-mapping@0.3.30", "https://registry.npmmirror.com/@jridgewell/trace-mapping/-/trace-mapping-0.3.30.tgz", { "dependencies": { "@jridgewell/resolve-uri": "3.1.2", "@jridgewell/sourcemap-codec": "1.5.5" } }, "sha512-GQ7Nw5G2lTu/BtHTKfXhKHok2WGetd4XYcVKGx00SjAk8GMwgJM3zr6zORiPGuOE+/vkc90KtTosSSvaCjKb2Q=="],

    "@napi-rs/wasm-runtime": ["@napi-rs/wasm-runtime@1.1.5", "https://registry.npmmirror.com/@napi-rs/wasm-runtime/-/wasm-runtime-1.1.5.tgz", { "dependencies": { "@tybys/wasm-util": "^0.10.2" }, "peerDependencies": { "@emnapi/core": "^1.7.1", "@emnapi/runtime": "^1.7.1" } }, "sha512-AWPoBRJ9tsnVhor4sjO7rkni+7p+2IAEFj6cx06UgP10jkQHqay/36uRV/bFkgrh18D9vb4cr8Q0Pthskgzy+Q=="],

    "@oxc-project/types": ["@oxc-project/types@0.135.0", "https://registry.npmmirror.com/@oxc-project/types/-/types-0.135.0.tgz", {}, "sha512-wR+xRdFkUBMvcAjBJ2q2kcZM6d+DKu2NgoOyxZgYwZdLhmiv6+rnO8PZ/P68kMiZtIKm+pW7zyEJ4kSOs0vo+Q=="],

    "@quansync/fs": ["@quansync/fs@1.0.0", "https://registry.npmmirror.com/@quansync/fs/-/fs-1.0.0.tgz", { "dependencies": { "quansync": "^1.0.0" } }, "sha512-4TJ3DFtlf1L5LDMaM6CanJ/0lckGNtJcMjQ1NAV6zDmA0tEHKZtxNKin8EgPaVX1YzljbxckyT2tJrpQKAtngQ=="],

    "@rolldown/binding-android-arm64": ["@rolldown/binding-android-arm64@1.1.1", "https://registry.npmmirror.com/@rolldown/binding-android-arm64/-/binding-android-arm64-1.1.1.tgz", { "os": "android", "cpu": "arm64" }, "sha512-BLf9Wak/gfwVb7NQTQW4wBgL3oAfPy7ArEkhwV543OVw/uY6B47z5xYsqPSZ9PDOorvURPinws6ThaFuNgGLgA=="],

    "@rolldown/binding-darwin-arm64": ["@rolldown/binding-darwin-arm64@1.1.1", "https://registry.npmmirror.com/@rolldown/binding-darwin-arm64/-/binding-darwin-arm64-1.1.1.tgz", { "os": "darwin", "cpu": "arm64" }, "sha512-rRZRPy/Ynb+Mxu0O6tfPldHeDgAn0sRij+IOUy6sFdUlv3hArGW/DloE3GfAxtqpOJuRNgF74Nr5gM4xBeU2jQ=="],

    "@rolldown/binding-darwin-x64": ["@rolldown/binding-darwin-x64@1.1.1", "https://registry.npmmirror.com/@rolldown/binding-darwin-x64/-/binding-darwin-x64-1.1.1.tgz", { "os": "darwin", "cpu": "x64" }, "sha512-/MtefPxhKPyWWFM8L45OWiEqRf+eSU2Qv9ZAyTaoZOoGcoPKxbbhjTJO2/U2IThv0uDZ4NWHc3/oTsR6IEOtww=="],

    "@rolldown/binding-freebsd-x64": ["@rolldown/binding-freebsd-x64@1.1.1", "https://registry.npmmirror.com/@rolldown/binding-freebsd-x64/-/binding-freebsd-x64-1.1.1.tgz", { "os": "freebsd", "cpu": "x64" }, "sha512-202K+cpIi1kx/Zn7AtxBi4LTXSY67Aszb2K9rNsuW7FeBeh0nqoNmYLOSZidV0p88VPBzMmTZcHAdPNo3kRYzQ=="],

    "@rolldown/binding-linux-arm-gnueabihf": ["@rolldown/binding-linux-arm-gnueabihf@1.1.1", "https://registry.npmmirror.com/@rolldown/binding-linux-arm-gnueabihf/-/binding-linux-arm-gnueabihf-1.1.1.tgz", { "os": "linux", "cpu": "arm" }, "sha512-wl9NfeXNUwrXtUc063tddmZFUI6qiNs1CNOwni0OL4vC7MqVSYugra3ZgtDmtVy8e0DluJTENmzIv2BwqLzT4Q=="],

    "@rolldown/binding-linux-arm64-gnu": ["@rolldown/binding-linux-arm64-gnu@1.1.1", "https://registry.npmmirror.com/@rolldown/binding-linux-arm64-gnu/-/binding-linux-arm64-gnu-1.1.1.tgz", { "os": "linux", "cpu": "arm64" }, "sha512-at2EO4o7D/PJLC4Xik16bU4CcjQE2tSv1LfqMA0TRYQYQihRm3gZeDB8xaX28A9SFedibcAk5DeMCKt4REKG0A=="],

    "@rolldown/binding-linux-arm64-musl": ["@rolldown/binding-linux-arm64-musl@1.1.1", "https://registry.npmmirror.com/@rolldown/binding-linux-arm64-musl/-/binding-linux-arm64-musl-1.1.1.tgz", { "os": "linux", "cpu": "arm64" }, "sha512-5PUjZx366h9tkJTPJF5eibxOlK3sGoeRiBJLLjjEB5/kLDuhr6qB3LkhqLz1smXNgsX+pBhnbcJBrPE30HznAA=="],

    "@rolldown/binding-linux-ppc64-gnu": ["@rolldown/binding-linux-ppc64-gnu@1.1.1", "https://registry.npmmirror.com/@rolldown/binding-linux-ppc64-gnu/-/binding-linux-ppc64-gnu-1.1.1.tgz", { "os": "linux", "cpu": "ppc64" }, "sha512-1WK84XPeio3tjP1sM/TMXiC0G1i1iq1qGZ71KfNQjEFLU1kwD+Cv5T8nGySg/JUFwLbaScu6ve9DmeXlmqpkFA=="],

    "@rolldown/binding-linux-s390x-gnu": ["@rolldown/binding-linux-s390x-gnu@1.1.1", "https://registry.npmmirror.com/@rolldown/binding-linux-s390x-gnu/-/binding-linux-s390x-gnu-1.1.1.tgz", { "os": "linux", "cpu": "s390x" }, "sha512-1nS1X5z1uMJ369RU25hTpKCFvUwXZp12dIzlzk4S+UxCTcSVGsAE6tzkOSufv/7jnmAtK0ZlrsJxh2fGmsnVSw=="],

    "@rolldown/binding-linux-x64-gnu": ["@rolldown/binding-linux-x64-gnu@1.1.1", "https://registry.npmmirror.com/@rolldown/binding-linux-x64-gnu/-/binding-linux-x64-gnu-1.1.1.tgz", { "os": "linux", "cpu": "x64" }, "sha512-NwX/wspnq4vYyMFsqbYvzums3ki/Tk8FZbMzMAovPDp3OfLeYKby/D+9osokadXuYEV3OvpeHlwnr/bG8QMixA=="],

    "@rolldown/binding-linux-x64-musl": ["@rolldown/binding-linux-x64-musl@1.1.1", "https://registry.npmmirror.com/@rolldown/binding-linux-x64-musl/-/binding-linux-x64-musl-1.1.1.tgz", { "os": "linux", "cpu": "x64" }, "sha512-+n46LhDrJFQM+229y4oXtVpj1G50U/+XuHMlpnisFTEXhrg9f/YIjp/HymX+PVJjBEr7XHRs3CFLelV464pqwA=="],

    "@rolldown/binding-openharmony-arm64": ["@rolldown/binding-openharmony-arm64@1.1.1", "https://registry.npmmirror.com/@rolldown/binding-openharmony-arm64/-/binding-openharmony-arm64-1.1.1.tgz", { "os": "none", "cpu": "arm64" }, "sha512-qGwEu47zOWYo7LdRHhCWTNhzwGtxXpdY6CERs8QEOqC0PXGGics/e3vHnyEUKt8xK6YkbZXFUCeklrpB6js8ag=="],

    "@rolldown/binding-wasm32-wasi": ["@rolldown/binding-wasm32-wasi@1.1.1", "https://registry.npmmirror.com/@rolldown/binding-wasm32-wasi/-/binding-wasm32-wasi-1.1.1.tgz", { "dependencies": { "@emnapi/core": "1.11.0", "@emnapi/runtime": "1.11.0", "@napi-rs/wasm-runtime": "^1.1.5" }, "cpu": "none" }, "sha512-qczfgEH8u0wHGGOXtA7UMAybNKuQjjEXairyQaw4WzjiMztfbgatG1h4OKays/smhtwbWltpKCRGtVhU6h40Sg=="],

    "@rolldown/binding-win32-arm64-msvc": ["@rolldown/binding-win32-arm64-msvc@1.1.1", "https://registry.npmmirror.com/@rolldown/binding-win32-arm64-msvc/-/binding-win32-arm64-msvc-1.1.1.tgz", { "os": "win32", "cpu": "arm64" }, "sha512-4psXSh63mSbwJF+mB8/9yfUUEzBiHYcUjxa32EO9ZwKy0Ypwjcg4F10D8SvVXgd+isy2UUUjF9HJJnDu1T/4Gg=="],

    "@rolldown/binding-win32-x64-msvc": ["@rolldown/binding-win32-x64-msvc@1.1.1", "https://registry.npmmirror.com/@rolldown/binding-win32-x64-msvc/-/binding-win32-x64-msvc-1.1.1.tgz", { "os": "win32", "cpu": "x64" }, "sha512-MUvC/HLXVjzkQkWiExdVTEEWf0py+GfWm8WKSZsekG3ih6a21iy0BHPF07X3JIf3ifoklZXTIaHTLPBgH1C3dw=="],

    "@rolldown/pluginutils": ["@rolldown/pluginutils@1.0.1", "https://registry.npmmirror.com/@rolldown/pluginutils/-/pluginutils-1.0.1.tgz", {}, "sha512-2j9bGt5Jh8hj+vPtgzPtl72j0yRxHAyumoo6TNfAjsLB04UtpSvPbPcDcBMxz7n+9CYB0c1GxQFxYRg2jimqGw=="],

    "@speed-highlight/core": ["@speed-highlight/core@1.2.17", "https://registry.npmmirror.com/@speed-highlight/core/-/core-1.2.17.tgz", {}, "sha512-Z92FwKpCtfaW1V0jTU/fh3QzYEZN8wDwrzRIBoADCJfn4mJCNcJN/XegifX7BDrQ8/h9Xh/JnbyMchL0FqXrkg=="],

    "@tybys/wasm-util": ["@tybys/wasm-util@0.10.2", "https://registry.npmmirror.com/@tybys/wasm-util/-/wasm-util-0.10.2.tgz", { "dependencies": { "tslib": "^2.4.0" } }, "sha512-RoBvJ2X0wuKlWFIjrwffGw1IqZHKQqzIchKaadZZfnNpsAYp2mM0h36JtPCjNDAHGgYez/15uMBpfGwchhiMgg=="],

    "@types/bun": ["@types/bun@1.3.14", "https://registry.npmmirror.com/@types/bun/-/bun-1.3.14.tgz", { "dependencies": { "bun-types": "1.3.14" } }, "sha512-h1hFqFVcvAvD9j9K7ZW7vd82aSA+rTdznZa+5bwvCwqSB1jmmfLcbIWhOLx1/+boy/xmjgCs/OMUL8hRJSmnPw=="],

    "@types/estree": ["@types/estree@1.0.8", "https://registry.npmmirror.com/@types/estree/-/estree-1.0.8.tgz", {}, "sha512-dWHzHa2WqEXI/O1E9OjrocMTKJl2mSrEolh1Iomrv6U+JuNwaHXsXx9bLu5gG7BUWFIN0skIQJQ/L1rIex4X6w=="],

    "@types/jsesc": ["@types/jsesc@2.5.1", "https://registry.npmmirror.com/@types/jsesc/-/jsesc-2.5.1.tgz", {}, "sha512-9VN+6yxLOPLOav+7PwjZbxiID2bVaeq0ED4qSQmdQTdjnXJSaCVKTR58t15oqH1H5t8Ng2ZX1SabJVoN9Q34bw=="],

    "@types/minimist": ["@types/minimist@1.2.5", "https://registry.npmmirror.com/@types/minimist/-/minimist-1.2.5.tgz", {}, "sha512-hov8bUuiLiyFPGyFPE1lwWhmzYbirOXQNNo40+y3zow8aFVTeyn3VWL0VFFfdNddA8S4Vf0Tc062rzyNr7Paag=="],

    "@types/node": ["@types/node@24.3.0", "https://registry.npmmirror.com/@types/node/-/node-24.3.0.tgz", { "dependencies": { "undici-types": "7.10.0" } }, "sha512-aPTXCrfwnDLj4VvXrm+UUCQjNEvJgNA8s5F1cvwQU+3KNltTOkBm1j30uNLyqqPNe7gE3KFzImYoZEfLhp4Yow=="],

    "@types/which": ["@types/which@3.0.4", "https://registry.npmmirror.com/@types/which/-/which-3.0.4.tgz", {}, "sha512-liyfuo/106JdlgSchJzXEQCVArk0CvevqPote8F8HgWgJ3dRCcTHgJIsLDuee0kxk/mhbInzIZk3QWSZJ8R+2w=="],

    "ansis": ["ansis@4.3.1", "https://registry.npmmirror.com/ansis/-/ansis-4.3.1.tgz", {}, "sha512-BJ8/l4R5LRE7hW9WdSuGYrLSHi2ynxeFpDFbH0K/CgNeY/tyhk+vO6TYxXC5r5CpUhNVX310xzPsN/H9lCdfOA=="],

    "ast-kit": ["ast-kit@3.0.0-beta.1", "https://registry.npmmirror.com/ast-kit/-/ast-kit-3.0.0-beta.1.tgz", { "dependencies": { "@babel/parser": "^8.0.0-beta.4", "estree-walker": "^3.0.3", "pathe": "^2.0.3" } }, "sha512-trmleAnZ2PxN/loHWVhhx1qeOHSRXq4TDsBBxq3GqeJitfk3+jTQ+v/C1km/KYq9M7wKqCewMh+/NAvVH7m+bw=="],

    "birpc": ["birpc@4.0.0", "https://registry.npmmirror.com/birpc/-/birpc-4.0.0.tgz", {}, "sha512-LShSxJP0KTmd101b6DRyGBj57LZxSDYWKitQNW/mi8GRMvZb078Uf9+pveax1DrVL89vm7mWe+TovdI/UDOuPw=="],

    "bun-types": ["bun-types@1.3.14", "https://registry.npmmirror.com/bun-types/-/bun-types-1.3.14.tgz", { "dependencies": { "@types/node": "*" } }, "sha512-4N0ig0fEomHt5R0KCFWjovxow98rIoRwKolrYdCcknNwMekCXRnWEUvgu5soYV8QXtVsrUD8B95MBOZGPvr6KQ=="],

    "cac": ["cac@7.0.0", "https://registry.npmmirror.com/cac/-/cac-7.0.0.tgz", {}, "sha512-tixWYgm5ZoOD+3g6UTea91eow5z6AAHaho3g0V9CNSNb45gM8SmflpAc+GRd1InC4AqN/07Unrgp56Y94N9hJQ=="],

    "chardet": ["chardet@2.1.1", "https://registry.npmmirror.com/chardet/-/chardet-2.1.1.tgz", {}, "sha512-PsezH1rqdV9VvyNhxxOW32/d75r01NY7TQCmOqomRo15ZSOKbpTFVsfjghxo6JloQUCGnH4k1LGu0R4yCLlWQQ=="],

    "cli-width": ["cli-width@4.1.0", "https://registry.npmmirror.com/cli-width/-/cli-width-4.1.0.tgz", {}, "sha512-ouuZd4/dm2Sw5Gmqy6bGyNNNe1qt9RpmxveLSO7KcgsTnU7RXfsw+/bukWGo1abgBiMAic068rclZsO4IWmmxQ=="],

    "debug": ["debug@4.4.3", "https://registry.npmmirror.com/debug/-/debug-4.4.3.tgz", { "dependencies": { "ms": "^2.1.3" }, "peerDependencies": { "supports-color": "*" }, "optionalPeers": ["supports-color"] }, "sha512-RGwwWnwQvkVfavKVt22FGLw+xYSdzARwm0ru6DhTVA3umU5hZc28V3kO4stgYryrTlLpuvgI9GiijltAjNbcqA=="],

    "defu": ["defu@6.1.7", "https://registry.npmmirror.com/defu/-/defu-6.1.7.tgz", {}, "sha512-7z22QmUWiQ/2d0KkdYmANbRUVABpZ9SNYyH5vx6PZ+nE5bcC0l7uFvEfHlyld/HcGBFTL536ClDt3DEcSlEJAQ=="],

    "dts-resolver": ["dts-resolver@3.0.0", "https://registry.npmmirror.com/dts-resolver/-/dts-resolver-3.0.0.tgz", { "peerDependencies": { "oxc-resolver": ">=11.0.0" }, "optionalPeers": ["oxc-resolver"] }, "sha512-1T1f+z+4tl9XD+m+0HBgWoL/nm0bOIffyWaUuUSBlFg/86IWvfx+wjNaO/ybU0AJzG9/Mi5hBUgGV6zCmWEN7Q=="],

    "empathic": ["empathic@2.0.1", "https://registry.npmmirror.com/empathic/-/empathic-2.0.1.tgz", {}, "sha512-YGRs8knHhKHVShLkFET/rWAU8kmHbOV5LwN938RHI0pljAJ1Gf6SzXsSmRaEzcXTtOOmVqJ5+WtQPL5uigY50Q=="],

    "esbuild": ["esbuild@0.28.1", "https://registry.npmmirror.com/esbuild/-/esbuild-0.28.1.tgz", { "optionalDependencies": { "@esbuild/aix-ppc64": "0.28.1", "@esbuild/android-arm": "0.28.1", "@esbuild/android-arm64": "0.28.1", "@esbuild/android-x64": "0.28.1", "@esbuild/darwin-arm64": "0.28.1", "@esbuild/darwin-x64": "0.28.1", "@esbuild/freebsd-arm64": "0.28.1", "@esbuild/freebsd-x64": "0.28.1", "@esbuild/linux-arm": "0.28.1", "@esbuild/linux-arm64": "0.28.1", "@esbuild/linux-ia32": "0.28.1", "@esbuild/linux-loong64": "0.28.1", "@esbuild/linux-mips64el": "0.28.1", "@esbuild/linux-ppc64": "0.28.1", "@esbuild/linux-riscv64": "0.28.1", "@esbuild/linux-s390x": "0.28.1", "@esbuild/linux-x64": "0.28.1", "@esbuild/netbsd-arm64": "0.28.1", "@esbuild/netbsd-x64": "0.28.1", "@esbuild/openbsd-arm64": "0.28.1", "@esbuild/openbsd-x64": "0.28.1", "@esbuild/openharmony-arm64": "0.28.1", "@esbuild/sunos-x64": "0.28.1", "@esbuild/win32-arm64": "0.28.1", "@esbuild/win32-ia32": "0.28.1", "@esbuild/win32-x64": "0.28.1" }, "bin": { "esbuild": "bin/esbuild" } }, "sha512-HrJrvZv5ayxBzPfwphOoNzkzOIIlifzk0KJrGK2c8R4+LKpMtpYLQeUdjnwjWv/LZlkH2laZk+4w78pi99D4Vw=="],

    "estree-walker": ["estree-walker@3.0.3", "https://registry.npmmirror.com/estree-walker/-/estree-walker-3.0.3.tgz", { "dependencies": { "@types/estree": "^1.0.0" } }, "sha512-7RUKfXgSMMkzt6ZuXmqapOurLGPPfgj6l9uRZ7lRGolvk0y2yocc35LdcxKC5PQZdn2DMqioAQ2NoWcrTKmm6g=="],

    "fast-string-truncated-width": ["fast-string-truncated-width@3.0.3", "https://registry.npmmirror.com/fast-string-truncated-width/-/fast-string-truncated-width-3.0.3.tgz", {}, "sha512-0jjjIEL6+0jag3l2XWWizO64/aZVtpiGE3t0Zgqxv0DPuxiMjvB3M24fCyhZUO4KomJQPj3LTSUnDP3GpdwC0g=="],

    "fast-string-width": ["fast-string-width@3.0.2", "https://registry.npmmirror.com/fast-string-width/-/fast-string-width-3.0.2.tgz", { "dependencies": { "fast-string-truncated-width": "^3.0.2" } }, "sha512-gX8LrtNEI5hq8DVUfRQMbr5lpaS4nMIWV+7XEbXk2b8kiQIizgnlr12B4dA3ZEx3308ze0O4Q1R+cHts8kyUJg=="],

    "fast-wrap-ansi": ["fast-wrap-ansi@0.2.2", "https://registry.npmmirror.com/fast-wrap-ansi/-/fast-wrap-ansi-0.2.2.tgz", { "dependencies": { "fast-string-width": "^3.0.2" } }, "sha512-7F2Fl+TjRSenLqlU3UjSH0iyqopqoZIu7eZVpEirP2g1GtWa2G/ecEmBdgz31+Mxr+ELclgg6sokpSFIQiZ02Q=="],

    "fdir": ["fdir@6.5.0", "https://registry.npmmirror.com/fdir/-/fdir-6.5.0.tgz", { "optionalDependencies": { "picomatch": "4.0.3" } }, "sha512-tIbYtZbucOs0BRGqPJkshJUYdL+SDH7dVM8gjy+ERp3WAUjLEFJE+02kanyHtwjWOnwrKYBiwAmM0p4kLJAnXg=="],

    "fflate": ["fflate@0.8.2", "https://registry.npmmirror.com/fflate/-/fflate-0.8.2.tgz", {}, "sha512-cPJU47OaAoCbg0pBvzsgpTPhmhqI5eJjh/JIu8tPj5q+T7iLvW/JAYUqmE7KOB4R1ZyEhzBaIQpQpardBF5z8A=="],

    "fsevents": ["fsevents@2.3.3", "https://registry.npmmirror.com/fsevents/-/fsevents-2.3.3.tgz", { "os": "darwin" }, "sha512-5xoDfX+fL7faATnagmWPpbFtwh/R77WmMMqqHGS65C3vvB0YHrgF+B1YmZ3441tMj5n63k0212XNoJwzlhffQw=="],

    "get-tsconfig": ["get-tsconfig@5.0.0-beta.5", "https://registry.npmmirror.com/get-tsconfig/-/get-tsconfig-5.0.0-beta.5.tgz", { "dependencies": { "resolve-pkg-maps": "^1.0.0" } }, "sha512-/6gFNr0N04nob252sTQxyFLi3eKFRqIg1I87YcqAMT1i6SQrSF6KujUEQrtrjMV0H/eejTCltLdDSTEMzHbnsQ=="],

    "has-flag": ["has-flag@4.0.0", "https://registry.npmmirror.com/has-flag/-/has-flag-4.0.0.tgz", {}, "sha512-EykJT/Q1KjTWctppgIAgfSO0tKVuZUjhgMr17kqTumMl6Afv3EISleU7qZUzoXDFTAHTDC4NOoG/ZxU3EvlMPQ=="],

    "hookable": ["hookable@6.1.1", "https://registry.npmmirror.com/hookable/-/hookable-6.1.1.tgz", {}, "sha512-U9LYDy1CwhMCnprUfeAZWZGByVbhd54hwepegYTK7Pi5NvqEj63ifz5z+xukznehT7i6NIZRu89Ay1AZmRsLEQ=="],

    "iconv-lite": ["iconv-lite@0.7.2", "https://registry.npmmirror.com/iconv-lite/-/iconv-lite-0.7.2.tgz", { "dependencies": { "safer-buffer": ">= 2.1.2 < 3.0.0" } }, "sha512-im9DjEDQ55s9fL4EYzOAv0yMqmMBSZp6G0VvFyTMPKWxiSBHUj9NW/qqLmXUwXrrM7AvqSlTCfvqRb0cM8yYqw=="],

    "import-without-cache": ["import-without-cache@0.4.0", "https://registry.npmmirror.com/import-without-cache/-/import-without-cache-0.4.0.tgz", {}, "sha512-NkJQA7oZ4YHQhd2+H3BoRFKF3d/XNsiKpHZCQEMH9pDX27hQQLsTyOocyRgaIVtf8gHX3Nt3LPkR4e5EdtPAGQ=="],

    "isexe": ["isexe@4.0.0", "https://registry.npmmirror.com/isexe/-/isexe-4.0.0.tgz", {}, "sha512-FFUtZMpoZ8RqHS3XeXEmHWLA4thH+ZxCv2lOiPIn1Xc7CxrqhWzNSDzD+/chS/zbYezmiwWLdQC09JdQKmthOw=="],

    "jiti": ["jiti@2.7.0", "https://registry.npmmirror.com/jiti/-/jiti-2.7.0.tgz", { "bin": { "jiti": "lib/jiti-cli.mjs" } }, "sha512-AC/7JofJvZGrrneWNaEnJeOLUx+JlGt7tNa0wZiRPT4MY1wmfKjt2+6O2p2uz2+skll8OZZmJMNqeke7kKbNgQ=="],

    "jsesc": ["jsesc@3.1.0", "https://registry.npmmirror.com/jsesc/-/jsesc-3.1.0.tgz", { "bin": { "jsesc": "bin/jsesc" } }, "sha512-/sM3dO2FOzXjKQhJuo0Q173wf2KOo8t4I8vHy6lF9poUp7bKT0/NHE8fPX23PwfhnykfqnC2xRxOnVw5XuGIaA=="],

    "kleur": ["kleur@3.0.3", "https://registry.npmmirror.com/kleur/-/kleur-3.0.3.tgz", {}, "sha512-eTIzlVOSUR+JxdDFepEYcBMtZ9Qqdef+rnzWdRZuMbOywu5tO2w2N7rqjoANZ5k9vywhL6Br1VRjUIgTQx4E8w=="],

    "minimist": ["minimist@1.2.8", "https://registry.npmmirror.com/minimist/-/minimist-1.2.8.tgz", {}, "sha512-2yyAR8qBkN3YuheJanUpWC5U3bb5osDywNB8RzDVlDwDHbocAJveqqj1u8+SVD7jkWT4yvsHCpWqqWqAxb0zCA=="],

    "ms": ["ms@2.1.3", "https://registry.npmmirror.com/ms/-/ms-2.1.3.tgz", {}, "sha512-6FlzubTLZG3J2a/NVCAleEhjzq5oxgHyaCU9yYXvcLsvoVaHJq/s5xXI6/XXP6tz7R9xAOtHnSO/tXtF3WRTlA=="],

    "mute-stream": ["mute-stream@3.0.0", "https://registry.npmmirror.com/mute-stream/-/mute-stream-3.0.0.tgz", {}, "sha512-dkEJPVvun4FryqBmZ5KhDo0K9iDXAwn08tMLDinNdRBNPcYEDiWYysLcc6k3mjTMlbP9KyylvRpd4wFtwrT9rw=="],

    "nanoid": ["nanoid@5.1.11", "https://registry.npmmirror.com/nanoid/-/nanoid-5.1.11.tgz", { "bin": { "nanoid": "bin/nanoid.js" } }, "sha512-v+KEsUv2ps74PaSKv0gHTxTCgMXOIfBEbaqa6w6ISIGC7ZsvHN4N9oJ8d4cmf0n5oTzQz2SLmThbQWhjd/8eKg=="],

    "obug": ["obug@2.1.3", "https://registry.npmmirror.com/obug/-/obug-2.1.3.tgz", {}, "sha512-9miFgM2OFba7hB+pRgvtV84pYTBaoTHohvmIgiRt6dRIzbwEOIaNaP+dIlGs2fNFoB0SeISs0Jz5WFVRid6Xyg=="],

    "pathe": ["pathe@2.0.3", "https://registry.npmmirror.com/pathe/-/pathe-2.0.3.tgz", {}, "sha512-WUjGcAqP1gQacoQe+OBJsFA7Ld4DyXuUIjZ5cc75cLHvJ7dtNsTugphxIADwspS+AraAUePCKrSVtPLFj/F88w=="],

    "picocolors": ["picocolors@1.1.1", "https://registry.npmmirror.com/picocolors/-/picocolors-1.1.1.tgz", {}, "sha512-xceH2snhtb5M9liqDsmEw56le376mTZkEX/jEb/RxNFyegNul7eNslCXP9FDj/Lcu0X8KEyMceP2ntpaHrDEVA=="],

    "picomatch": ["picomatch@4.0.4", "https://registry.npmmirror.com/picomatch/-/picomatch-4.0.4.tgz", {}, "sha512-QP88BAKvMam/3NxH6vj2o21R6MjxZUAd6nlwAS/pnGvN9IVLocLHxGYIzFhg6fUQ+5th6P4dv4eW9jX3DSIj7A=="],

    "prompts": ["prompts@2.4.2", "https://registry.npmmirror.com/prompts/-/prompts-2.4.2.tgz", { "dependencies": { "kleur": "3.0.3", "sisteransi": "1.0.5" } }, "sha512-NxNv/kLguCA7p3jE8oL2aEBsrJWgAakBpgmgK6lpPWV+WuOmY6r2/zbAVnP+T8bQlA0nzHXSJSJW0Hq7ylaD2Q=="],

    "quansync": ["quansync@1.0.0", "https://registry.npmmirror.com/quansync/-/quansync-1.0.0.tgz", {}, "sha512-5xZacEEufv3HSTPQuchrvV6soaiACMFnq1H8wkVioctoH3TRha9Sz66lOxRwPK/qZj7HPiSveih9yAyh98gvqA=="],

    "resolve-pkg-maps": ["resolve-pkg-maps@1.0.0", "https://registry.npmmirror.com/resolve-pkg-maps/-/resolve-pkg-maps-1.0.0.tgz", {}, "sha512-seS2Tj26TBVOC2NIc2rOe2y2ZO7efxITtLZcGSOnHHNOQ7CkiUBfw0Iw2ck6xkIhPwLhKNLS8BO+hEpngQlqzw=="],

    "rolldown": ["rolldown@1.1.1", "https://registry.npmmirror.com/rolldown/-/rolldown-1.1.1.tgz", { "dependencies": { "@oxc-project/types": "=0.135.0", "@rolldown/pluginutils": "^1.0.0" }, "optionalDependencies": { "@rolldown/binding-android-arm64": "1.1.1", "@rolldown/binding-darwin-arm64": "1.1.1", "@rolldown/binding-darwin-x64": "1.1.1", "@rolldown/binding-freebsd-x64": "1.1.1", "@rolldown/binding-linux-arm-gnueabihf": "1.1.1", "@rolldown/binding-linux-arm64-gnu": "1.1.1", "@rolldown/binding-linux-arm64-musl": "1.1.1", "@rolldown/binding-linux-ppc64-gnu": "1.1.1", "@rolldown/binding-linux-s390x-gnu": "1.1.1", "@rolldown/binding-linux-x64-gnu": "1.1.1", "@rolldown/binding-linux-x64-musl": "1.1.1", "@rolldown/binding-openharmony-arm64": "1.1.1", "@rolldown/binding-wasm32-wasi": "1.1.1", "@rolldown/binding-win32-arm64-msvc": "1.1.1", "@rolldown/binding-win32-x64-msvc": "1.1.1" }, "bin": { "rolldown": "./bin/cli.mjs" } }, "sha512-IN750c0p+s3jqJIsFLRZrQazmbAB1kkQDTtQjSt/gbS2ywLhlv4R5Shazer0FZKmuo/BsO3/w2UoYnUjuOZqHg=="],

    "rolldown-plugin-dts": ["rolldown-plugin-dts@0.25.2", "https://registry.npmmirror.com/rolldown-plugin-dts/-/rolldown-plugin-dts-0.25.2.tgz", { "dependencies": { "@babel/generator": "8.0.0-rc.6", "@babel/helper-validator-identifier": "8.0.0-rc.6", "@babel/parser": "8.0.0-rc.6", "ast-kit": "^3.0.0-beta.1", "birpc": "^4.0.0", "dts-resolver": "^3.0.0", "get-tsconfig": "5.0.0-beta.5", "obug": "^2.1.1" }, "peerDependencies": { "@ts-macro/tsc": "^0.3.6", "@typescript/native-preview": ">=7.0.0-dev.20260325.1", "rolldown": "^1.0.0", "typescript": "^5.0.0 || ^6.0.0", "vue-tsc": "~3.2.0" }, "optionalPeers": ["@ts-macro/tsc", "@typescript/native-preview", "typescript", "vue-tsc"] }, "sha512-nMhN/R+vmR8GM45ZW1FWMSjRTSDDn/6w4GTf8RNrEFCBdl8B1kySWrU1ixPtbwzXoRlcO+R/S88VgXuJQwfdDg=="],

    "safer-buffer": ["safer-buffer@2.1.2", "https://registry.npmmirror.com/safer-buffer/-/safer-buffer-2.1.2.tgz", {}, "sha512-YZo3K82SD7Riyi0E1EQPojLz7kpepnSQI9IyPbHHg1XXXevb5dJI7tpyN2ADxGcQbHG7vcyRHk0cbwqcQriUtg=="],

    "semver": ["semver@7.8.4", "https://registry.npmmirror.com/semver/-/semver-7.8.4.tgz", { "bin": { "semver": "bin/semver.js" } }, "sha512-rUCObTnP32Q08R2uuIrt7r9PlEonuTmtuXYcW6s5kjdlj3xbnwe+21yXptAUYcMAABLkYYTtnmzb3w3EDZfueA=="],

    "signal-exit": ["signal-exit@4.1.0", "https://registry.npmmirror.com/signal-exit/-/signal-exit-4.1.0.tgz", {}, "sha512-bzyZ1e88w9O1iNJbKnOlvYTrWPDl46O1bG0D3XInv+9tkPrxrN8jUUTiFlDkkmKWgn1M6CfIA13SuGqOa9Korw=="],

    "sisteransi": ["sisteransi@1.0.5", "https://registry.npmmirror.com/sisteransi/-/sisteransi-1.0.5.tgz", {}, "sha512-bLGGlR1QxBcynn2d5YmDX4MGjlZvy2MRBDRNHLJ8VI6l6+9FUiyTFNJ0IveOSP0bcXgVDPRcfGqA0pjaqUpfVg=="],

    "smol-toml": ["smol-toml@1.6.1", "https://registry.npmmirror.com/smol-toml/-/smol-toml-1.6.1.tgz", {}, "sha512-dWUG8F5sIIARXih1DTaQAX4SsiTXhInKf1buxdY9DIg4ZYPZK5nGM1VRIYmEbDbsHt7USo99xSLFu5Q1IqTmsg=="],

    "supports-color": ["supports-color@7.2.0", "https://registry.npmmirror.com/supports-color/-/supports-color-7.2.0.tgz", { "dependencies": { "has-flag": "4.0.0" } }, "sha512-qpCAvRl9stuOHveKsn7HncJRvv501qIacKzQlO/+Lwxc9+0q2wLyv4Dfvt80/DPn2pqOBsJdDiogXGR9+OvwRw=="],

    "tinyexec": ["tinyexec@1.2.4", "https://registry.npmmirror.com/tinyexec/-/tinyexec-1.2.4.tgz", {}, "sha512-SHf/r48b7vOrjve9PxJo3MN5v5yuyjHvdUcrQffT3WXMUfnGmHDVbC4k3sHJaJTgZCwpUplIaAo5ANtMyp3YHg=="],

    "tinyglobby": ["tinyglobby@0.2.17", "https://registry.npmmirror.com/tinyglobby/-/tinyglobby-0.2.17.tgz", { "dependencies": { "fdir": "^6.5.0", "picomatch": "^4.0.4" } }, "sha512-wXR/dYpcqKmfWpEdZjiKJOwCNFndD0DMnrW/cYjVGttEkBfVgcLFHoNrlj47mjOVic9yyNu65alsgF4NQyTa2g=="],

    "tree-kill": ["tree-kill@1.2.2", "https://registry.npmmirror.com/tree-kill/-/tree-kill-1.2.2.tgz", { "bin": { "tree-kill": "cli.js" } }, "sha512-L0Orpi8qGpRG//Nd+H90vFB+3iHnue1zSSGmNOOCh1GLJ7rUKVwV2HvijphGQS2UmhUZewS9VgvxYIdgr+fG1A=="],

    "tsdown": ["tsdown@0.22.2", "https://registry.npmmirror.com/tsdown/-/tsdown-0.22.2.tgz", { "dependencies": { "ansis": "^4.3.1", "cac": "^7.0.0", "defu": "^6.1.7", "empathic": "^2.0.1", "hookable": "^6.1.1", "import-without-cache": "^0.4.0", "obug": "^2.1.1", "picomatch": "^4.0.4", "rolldown": "~1.1.0", "rolldown-plugin-dts": "^0.25.2", "semver": "^7.8.1", "tinyexec": "^1.2.4", "tinyglobby": "^0.2.17", "tree-kill": "^1.2.2", "unconfig-core": "^7.5.0" }, "peerDependencies": { "@arethetypeswrong/core": "^0.18.1", "@tsdown/css": "0.22.2", "@tsdown/exe": "0.22.2", "@vitejs/devtools": "*", "publint": "^0.3.8", "tsx": "*", "typescript": "^5.0.0 || ^6.0.0", "unplugin-unused": "^0.5.0", "unrun": "*" }, "optionalPeers": ["@arethetypeswrong/core", "@tsdown/css", "@tsdown/exe", "@vitejs/devtools", "publint", "tsx", "typescript", "unplugin-unused", "unrun"], "bin": { "tsdown": "./dist/run.mjs" } }, "sha512-VX9gsyKXsTnBZjnIM4jsHl9aRv+GfgkE/k1hQslilaBfZMlaw3JuGR+6yhiU0QxWBtOCDnTjwOSoXzgB7Rr50g=="],

    "tslib": ["tslib@2.8.1", "https://registry.npmmirror.com/tslib/-/tslib-2.8.1.tgz", {}, "sha512-oJFu94HQb+KVduSUQL7wnpmqnfmLsOA/nAh6b6EH0wCEoK0/mPeXU6c3wKDV83MkOuHPRHtSXKKU99IBazS/2w=="],

    "tsx": ["tsx@4.22.4", "https://registry.npmmirror.com/tsx/-/tsx-4.22.4.tgz", { "dependencies": { "esbuild": "~0.28.0" }, "optionalDependencies": { "fsevents": "~2.3.3" }, "bin": { "tsx": "dist/cli.mjs" } }, "sha512-X8EX+XV4QR5xCsrgxaED954zTDfY8KqlDtskKEL0cHhyS/P8b4IFOvGDQpsC9Q1XnLq915wEfwwY/zzskCtmhg=="],

    "typescript": ["typescript@6.0.3", "https://registry.npmmirror.com/typescript/-/typescript-6.0.3.tgz", { "bin": { "tsc": "bin/tsc", "tsserver": "bin/tsserver" } }, "sha512-y2TvuxSZPDyQakkFRPZHKFm+KKVqIisdg9/CZwm9ftvKXLP8NRWj38/ODjNbr43SsoXqNuAisEf1GdCxqWcdBw=="],

    "unconfig": ["unconfig@7.5.0", "https://registry.npmmirror.com/unconfig/-/unconfig-7.5.0.tgz", { "dependencies": { "@quansync/fs": "^1.0.0", "defu": "^6.1.4", "jiti": "^2.6.1", "quansync": "^1.0.0", "unconfig-core": "7.5.0" } }, "sha512-oi8Qy2JV4D3UQ0PsopR28CzdQ3S/5A1zwsUwp/rosSbfhJ5z7b90bIyTwi/F7hCLD4SGcZVjDzd4XoUQcEanvA=="],

    "unconfig-core": ["unconfig-core@7.5.0", "https://registry.npmmirror.com/unconfig-core/-/unconfig-core-7.5.0.tgz", { "dependencies": { "@quansync/fs": "^1.0.0", "quansync": "^1.0.0" } }, "sha512-Su3FauozOGP44ZmKdHy2oE6LPjk51M/TRRjHv2HNCWiDvfvCoxC2lno6jevMA91MYAdCdwP05QnWdWpSbncX/w=="],

    "undici-types": ["undici-types@7.10.0", "https://registry.npmmirror.com/undici-types/-/undici-types-7.10.0.tgz", {}, "sha512-t5Fy/nfn+14LuOc2KNYg75vZqClpAiqscVvMygNnlsHBFpSXdJaYtXMcdNLpl/Qvc3P2cB3s6lOV51nqsFq4ag=="],

    "which": ["which@7.0.0", "https://registry.npmmirror.com/which/-/which-7.0.0.tgz", { "dependencies": { "isexe": "^4.0.0" }, "bin": { "node-which": "bin/which.js" } }, "sha512-RancgH2dmbLdHl6LRhEqvklWMgl/Hdnun0Y90KhBOLkMefg8Qa7/Zel8Sm+8HEcP6DEjzsWzpkuBQEZok58isA=="],

    "fdir/picomatch": ["picomatch@4.0.3", "https://registry.npmmirror.com/picomatch/-/picomatch-4.0.3.tgz", {}, "sha512-5gTmgEY/sqK6gFXLIsQNH19lWb4ebPDLA4SdLP7dsWkIXHWlG66oPuVvXSGFPppYZz8ZDZq0dYYrbHfBCVUb1Q=="],

    "unconfig/defu": ["defu@6.1.4", "https://registry.npmmirror.com/defu/-/defu-6.1.4.tgz", {}, "sha512-mEQCMmwJu317oSz8CwdIOdwf3xMif1ttiM8LTufzc3g6kR+9Pe236twL8j3IYT1F7GfRgGcW6MWxzZjLIkuHIg=="],
  }
}
